
Microsoft Visual Studio Solution File, Format Version 12.00
# Visual Studio Version 17
VisualStudioVersion = 17.13.35931.197 d17.13
MinimumVisualStudioVersion = 10.0.40219.1
Project("{FAE04EC0-301F-11D3-BF4B-00C04F79EFBC}") = "CLIP", "CLIP.csproj", "{77143438-C99B-4C0C-8C00-743D27487319}"
EndProject
Global
	GlobalSection(SolutionConfigurationPlatforms) = preSolution
		Debug|Any CPU = Debug|Any CPU
		Release|Any CPU = Release|Any CPU
	EndGlobalSection
	GlobalSection(ProjectConfigurationPlatforms) = postSolution
		{77143438-C99B-4C0C-8C00-743D27487319}.Debug|Any CPU.ActiveCfg = Debug|Any CPU
		{77143438-C99B-4C0C-8C00-743D27487319}.Debug|Any CPU.Build.0 = Debug|Any CPU
		{77143438-C99B-4C0C-8C00-743D27487319}.Release|Any CPU.ActiveCfg = Release|Any CPU
		{77143438-C99B-4C0C-8C00-743D27487319}.Release|Any CPU.Build.0 = Release|Any CPU
	EndGlobalSection
	GlobalSection(SolutionProperties) = preSolution
		HideSolutionNode = FALSE
	EndGlobalSection
	GlobalSection(ExtensibilityGlobals) = postSolution
		SolutionGuid = {BCCFC77D-D695-43BD-9884-E8BEEB5940DA}
	EndGlobalSection
EndGlobal
